
Microsoft Visual Studio Solution File, Format Version 12.00
Project("{FAE04EC0-301F-11D3-BF4B-00C04F79EFBC}") = "Sorbate.DiscordBot", "Sorbate.DiscordBot\Sorbate.DiscordBot.csproj", "{F77E3720-5E76-4B47-9C66-1F5B987F9B11}"
EndProject
Project("{2150E333-8FDC-42A3-9474-1A3956D46DE8}") = "Solution Items", "Solution Items", "{C23BDE74-2787-4506-913B-183A5DB62E70}"
	ProjectSection(SolutionItems) = preProject
		docker-compose.yml = docker-compose.yml
	EndProjectSection
EndProject
Project("{FAE04EC0-301F-11D3-BF4B-00C04F79EFBC}") = "Sorbate.Storage", "Sorbate.Storage\Sorbate.Storage.csproj", "{25FB418D-FC9D-4847-8146-90F0EAD41AAE}"
EndProject
Project("{FAE04EC0-301F-11D3-BF4B-00C04F79EFBC}") = "Tomat.FNB", "fnb\src\Tomat.FNB\Tomat.FNB.csproj", "{107642E3-7A8C-4B56-A751-DD44B267DC60}"
EndProject
Global
	GlobalSection(SolutionConfigurationPlatforms) = preSolution
		Debug|Any CPU = Debug|Any CPU
		Release|Any CPU = Release|Any CPU
	EndGlobalSection
	GlobalSection(ProjectConfigurationPlatforms) = postSolution
		{F77E3720-5E76-4B47-9C66-1F5B987F9B11}.Debug|Any CPU.ActiveCfg = Debug|Any CPU
		{F77E3720-5E76-4B47-9C66-1F5B987F9B11}.Debug|Any CPU.Build.0 = Debug|Any CPU
		{F77E3720-5E76-4B47-9C66-1F5B987F9B11}.Release|Any CPU.ActiveCfg = Release|Any CPU
		{F77E3720-5E76-4B47-9C66-1F5B987F9B11}.Release|Any CPU.Build.0 = Release|Any CPU
		{25FB418D-FC9D-4847-8146-90F0EAD41AAE}.Debug|Any CPU.ActiveCfg = Debug|Any CPU
		{25FB418D-FC9D-4847-8146-90F0EAD41AAE}.Debug|Any CPU.Build.0 = Debug|Any CPU
		{25FB418D-FC9D-4847-8146-90F0EAD41AAE}.Release|Any CPU.ActiveCfg = Release|Any CPU
		{25FB418D-FC9D-4847-8146-90F0EAD41AAE}.Release|Any CPU.Build.0 = Release|Any CPU
		{107642E3-7A8C-4B56-A751-DD44B267DC60}.Debug|Any CPU.ActiveCfg = Debug|Any CPU
		{107642E3-7A8C-4B56-A751-DD44B267DC60}.Debug|Any CPU.Build.0 = Debug|Any CPU
		{107642E3-7A8C-4B56-A751-DD44B267DC60}.Release|Any CPU.ActiveCfg = Release|Any CPU
		{107642E3-7A8C-4B56-A751-DD44B267DC60}.Release|Any CPU.Build.0 = Release|Any CPU
	EndGlobalSection
EndGlobal
