
Microsoft Visual Studio Solution File, Format Version 12.00
Project("{2150E333-8FDC-42A3-9474-1A3956D46DE8}") = "Solution Items", "Solution Items", "{C23BDE74-2787-4506-913B-183A5DB62E70}"
	ProjectSection(SolutionItems) = preProject
		docker-compose.yml = docker-compose.yml
	EndProjectSection
EndProject
Project("{FAE04EC0-301F-11D3-BF4B-00C04F79EFBC}") = "Sorbate", "Sorbate\Sorbate.csproj", "{0428E10C-46DC-415B-A5A8-1A29E9EAF250}"
EndProject
Project("{FAE04EC0-301F-11D3-BF4B-00C04F79EFBC}") = "Tomat.FNB.TMOD", "fnb\src\Tomat.FNB.TMOD\Tomat.FNB.TMOD.csproj", "{81DBF167-72EF-4A59-8E83-5893A3D2A978}"
EndProject
Project("{FAE04EC0-301F-11D3-BF4B-00C04F79EFBC}") = "Tomat.FNB.Common", "fnb\src\Tomat.FNB.Common\Tomat.FNB.Common.csproj", "{AA826E31-A381-4365-B054-335528C8B6FA}"
EndProject
Project("{FAE04EC0-301F-11D3-BF4B-00C04F79EFBC}") = "Sorbate.CLI", "Sorbate.CLI\Sorbate.CLI.csproj", "{AE1F91DB-871B-4E77-B489-064AA3C4A013}"
EndProject
Global
	GlobalSection(SolutionConfigurationPlatforms) = preSolution
		Debug|Any CPU = Debug|Any CPU
		Release|Any CPU = Release|Any CPU
	EndGlobalSection
	GlobalSection(ProjectConfigurationPlatforms) = postSolution
		{0428E10C-46DC-415B-A5A8-1A29E9EAF250}.Debug|Any CPU.ActiveCfg = Debug|Any CPU
		{0428E10C-46DC-415B-A5A8-1A29E9EAF250}.Debug|Any CPU.Build.0 = Debug|Any CPU
		{0428E10C-46DC-415B-A5A8-1A29E9EAF250}.Release|Any CPU.ActiveCfg = Release|Any CPU
		{0428E10C-46DC-415B-A5A8-1A29E9EAF250}.Release|Any CPU.Build.0 = Release|Any CPU
		{81DBF167-72EF-4A59-8E83-5893A3D2A978}.Debug|Any CPU.ActiveCfg = Debug|Any CPU
		{81DBF167-72EF-4A59-8E83-5893A3D2A978}.Debug|Any CPU.Build.0 = Debug|Any CPU
		{81DBF167-72EF-4A59-8E83-5893A3D2A978}.Release|Any CPU.ActiveCfg = Release|Any CPU
		{81DBF167-72EF-4A59-8E83-5893A3D2A978}.Release|Any CPU.Build.0 = Release|Any CPU
		{AA826E31-A381-4365-B054-335528C8B6FA}.Debug|Any CPU.ActiveCfg = Debug|Any CPU
		{AA826E31-A381-4365-B054-335528C8B6FA}.Debug|Any CPU.Build.0 = Debug|Any CPU
		{AA826E31-A381-4365-B054-335528C8B6FA}.Release|Any CPU.ActiveCfg = Release|Any CPU
		{AA826E31-A381-4365-B054-335528C8B6FA}.Release|Any CPU.Build.0 = Release|Any CPU
		{AE1F91DB-871B-4E77-B489-064AA3C4A013}.Debug|Any CPU.ActiveCfg = Debug|Any CPU
		{AE1F91DB-871B-4E77-B489-064AA3C4A013}.Debug|Any CPU.Build.0 = Debug|Any CPU
		{AE1F91DB-871B-4E77-B489-064AA3C4A013}.Release|Any CPU.ActiveCfg = Release|Any CPU
		{AE1F91DB-871B-4E77-B489-064AA3C4A013}.Release|Any CPU.Build.0 = Release|Any CPU
	EndGlobalSection
EndGlobal
